{
  "version": "3",
  "packages": {
    "specifiers": {
      "npm:he@1.2.0": "npm:he@1.2.0"
    },
    "npm": {
      "he@1.2.0": {
        "integrity": "sha512-F/1DnUGPopORZi0ni+CvrCgHQ5FyEAHRLSApuYWMmrbSwoN2Mn/7k+Gl38gJnR7yyDZk6WLXwiGod1JOWNDKGw==",
        "dependencies": {}
      }
    }
  },
  "remote": {}
}
